// !$*UTF8*$!
{
	archiveVersion = 1;
	classes = {
	};
	objectVersion = 46;
	objects = {

/* Begin PBXBuildFile section */
		1C4FF09BE69A1B6CA2B2E73F /* Pods_BarBouncerUITests.framework in Frameworks */ = {isa = PBXBuildFile; fileRef = 691CB8360DD2DD066A0AD128 /* Pods_BarBouncerUITests.framework */; };
		48FA922F5214EC67C651379E /* Pods_BarBouncer.framework in Frameworks */ = {isa = PBXBuildFile; fileRef = 63D4949BA4574E2F30C85DC8 /* Pods_BarBouncer.framework */; };
		A7034A211EB16D8500646900 /* AppDelegate.swift in Sources */ = {isa = PBXBuildFile; fileRef = A7034A201EB16D8500646900 /* AppDelegate.swift */; };
		A7034A251EB16D8500646900 /* Actions.sks in Resources */ = {isa = PBXBuildFile; fileRef = A7034A241EB16D8500646900 /* Actions.sks */; };
		A7034A291EB16D8500646900 /* HomeVC.swift in Sources */ = {isa = PBXBuildFile; fileRef = A7034A281EB16D8500646900 /* HomeVC.swift */; };
		A7034A2E1EB16D8500646900 /* Assets.xcassets in Resources */ = {isa = PBXBuildFile; fileRef = A7034A2D1EB16D8500646900 /* Assets.xcassets */; };
		A7034A311EB16D8500646900 /* LaunchScreen.storyboard in Resources */ = {isa = PBXBuildFile; fileRef = A7034A2F1EB16D8500646900 /* LaunchScreen.storyboard */; };
		A7034A471EB16D8500646900 /* BarBouncerUITests.swift in Sources */ = {isa = PBXBuildFile; fileRef = A7034A461EB16D8500646900 /* BarBouncerUITests.swift */; };
		A73B67E11F8F181C00C788B6 /* EnumsAndStructs.swift in Sources */ = {isa = PBXBuildFile; fileRef = A73B67E01F8F181C00C788B6 /* EnumsAndStructs.swift */; };
		A7537A1721AFBB37004B840A /* QuartzCore.framework in Frameworks */ = {isa = PBXBuildFile; fileRef = A75F0C3D208D8FF50004995D /* QuartzCore.framework */; };
		A768930B210A485600767DF7 /* LevelEditor.swift in Sources */ = {isa = PBXBuildFile; fileRef = A768930A210A485600767DF7 /* LevelEditor.swift */; };
		A768930E210A489F00767DF7 /* LevelEditorVC.swift in Sources */ = {isa = PBXBuildFile; fileRef = A768930D210A489F00767DF7 /* LevelEditorVC.swift */; };
		A76F5E222095ACFF009CAE45 /* LevelSelectVC.swift in Sources */ = {isa = PBXBuildFile; fileRef = A76F5E212095ACFF009CAE45 /* LevelSelectVC.swift */; };
		A7A6E28420BA51B000A9CD70 /* LevelSceneVC.swift in Sources */ = {isa = PBXBuildFile; fileRef = A7A6E28320BA51B000A9CD70 /* LevelSceneVC.swift */; };
		A7A7CF18228BE16400CF4F8A /* GameObjects.swift in Sources */ = {isa = PBXBuildFile; fileRef = A7A7CF17228BE16400CF4F8A /* GameObjects.swift */; };
		A7E9E076228BE07600DFF5DC /* LevelScene.swift in Sources */ = {isa = PBXBuildFile; fileRef = A7E9E075228BE07600DFF5DC /* LevelScene.swift */; };
		A7E9E078228BE0A300DFF5DC /* LevelMakerScene.swift in Sources */ = {isa = PBXBuildFile; fileRef = A7E9E077228BE0A300DFF5DC /* LevelMakerScene.swift */; };
		A7E9E07C228BE0FC00DFF5DC /* LevelDataArray.swift in Sources */ = {isa = PBXBuildFile; fileRef = A7E9E07B228BE0FC00DFF5DC /* LevelDataArray.swift */; };
		A7FDABC41FDCF15D006FD335 /* Button.swift in Sources */ = {isa = PBXBuildFile; fileRef = A7FDABC31FDCF15D006FD335 /* Button.swift */; };
		D699E8F3A3CD379C335D9347 /* Pods_BarBouncerTests.framework in Frameworks */ = {isa = PBXBuildFile; fileRef = 4A0606B34604DEC1D99F6725 /* Pods_BarBouncerTests.framework */; };
/* End PBXBuildFile section */

/* Begin PBXContainerItemProxy section */
		A7034A381EB16D8500646900 /* PBXContainerItemProxy */ = {
			isa = PBXContainerItemProxy;
			containerPortal = A7034A151EB16D8400646900 /* Project object */;
			proxyType = 1;
			remoteGlobalIDString = A7034A1C1EB16D8400646900;
			remoteInfo = BarBouncer;
		};
		A7034A431EB16D8500646900 /* PBXContainerItemProxy */ = {
			isa = PBXContainerItemProxy;
			containerPortal = A7034A151EB16D8400646900 /* Project object */;
			proxyType = 1;
			remoteGlobalIDString = A7034A1C1EB16D8400646900;
			remoteInfo = BarBouncer;
		};
/* End PBXContainerItemProxy section */

/* Begin PBXFileReference section */
		10991CC7B9487FECD335A5A6 /* Pods-BarBouncer.debug.xcconfig */ = {isa = PBXFileReference; includeInIndex = 1; lastKnownFileType = text.xcconfig; name = "Pods-BarBouncer.debug.xcconfig"; path = "Target Support Files/Pods-BarBouncer/Pods-BarBouncer.debug.xcconfig"; sourceTree = "<group>"; };
		1874ACEBA5CAF8A35FFE6C13 /* Pods-BarBouncerUITests.release.xcconfig */ = {isa = PBXFileReference; includeInIndex = 1; lastKnownFileType = text.xcconfig; name = "Pods-BarBouncerUITests.release.xcconfig"; path = "Target Support Files/Pods-BarBouncerUITests/Pods-BarBouncerUITests.release.xcconfig"; sourceTree = "<group>"; };
		4A0606B34604DEC1D99F6725 /* Pods_BarBouncerTests.framework */ = {isa = PBXFileReference; explicitFileType = wrapper.framework; includeInIndex = 0; path = Pods_BarBouncerTests.framework; sourceTree = BUILT_PRODUCTS_DIR; };
		63D4949BA4574E2F30C85DC8 /* Pods_BarBouncer.framework */ = {isa = PBXFileReference; explicitFileType = wrapper.framework; includeInIndex = 0; path = Pods_BarBouncer.framework; sourceTree = BUILT_PRODUCTS_DIR; };
		691CB8360DD2DD066A0AD128 /* Pods_BarBouncerUITests.framework */ = {isa = PBXFileReference; explicitFileType = wrapper.framework; includeInIndex = 0; path = Pods_BarBouncerUITests.framework; sourceTree = BUILT_PRODUCTS_DIR; };
		89E06267C54F32EB15A09DCB /* Pods-BarBouncerTests.release.xcconfig */ = {isa = PBXFileReference; includeInIndex = 1; lastKnownFileType = text.xcconfig; name = "Pods-BarBouncerTests.release.xcconfig"; path = "Target Support Files/Pods-BarBouncerTests/Pods-BarBouncerTests.release.xcconfig"; sourceTree = "<group>"; };
		9F911F6BF1F45E08E0B08F01 /* Pods-BarBouncerUITests.debug.xcconfig */ = {isa = PBXFileReference; includeInIndex = 1; lastKnownFileType = text.xcconfig; name = "Pods-BarBouncerUITests.debug.xcconfig"; path = "Target Support Files/Pods-BarBouncerUITests/Pods-BarBouncerUITests.debug.xcconfig"; sourceTree = "<group>"; };
		A7034A1D1EB16D8500646900 /* BarBouncer.app */ = {isa = PBXFileReference; explicitFileType = wrapper.application; includeInIndex = 0; path = BarBouncer.app; sourceTree = BUILT_PRODUCTS_DIR; };
		A7034A201EB16D8500646900 /* AppDelegate.swift */ = {isa = PBXFileReference; lastKnownFileType = sourcecode.swift; path = AppDelegate.swift; sourceTree = "<group>"; };
		A7034A241EB16D8500646900 /* Actions.sks */ = {isa = PBXFileReference; lastKnownFileType = file.sks; path = Actions.sks; sourceTree = "<group>"; };
		A7034A281EB16D8500646900 /* HomeVC.swift */ = {isa = PBXFileReference; lastKnownFileType = sourcecode.swift; path = HomeVC.swift; sourceTree = "<group>"; };
		A7034A2D1EB16D8500646900 /* Assets.xcassets */ = {isa = PBXFileReference; lastKnownFileType = folder.assetcatalog; name = Assets.xcassets; path = BarBouncer/Assets.xcassets; sourceTree = "<group>"; };
		A7034A301EB16D8500646900 /* Base */ = {isa = PBXFileReference; lastKnownFileType = file.storyboard; name = Base; path = Base.lproj/LaunchScreen.storyboard; sourceTree = "<group>"; };
		A7034A321EB16D8500646900 /* Info.plist */ = {isa = PBXFileReference; lastKnownFileType = text.plist.xml; path = Info.plist; sourceTree = "<group>"; };
		A7034A371EB16D8500646900 /* BarBouncerTests.xctest */ = {isa = PBXFileReference; explicitFileType = wrapper.cfbundle; includeInIndex = 0; path = BarBouncerTests.xctest; sourceTree = BUILT_PRODUCTS_DIR; };
		A7034A3D1EB16D8500646900 /* Info.plist */ = {isa = PBXFileReference; lastKnownFileType = text.plist.xml; path = Info.plist; sourceTree = "<group>"; };
		A7034A421EB16D8500646900 /* BarBouncerUITests.xctest */ = {isa = PBXFileReference; explicitFileType = wrapper.cfbundle; includeInIndex = 0; path = BarBouncerUITests.xctest; sourceTree = BUILT_PRODUCTS_DIR; };
		A7034A461EB16D8500646900 /* BarBouncerUITests.swift */ = {isa = PBXFileReference; lastKnownFileType = sourcecode.swift; path = BarBouncerUITests.swift; sourceTree = "<group>"; };
		A7034A481EB16D8500646900 /* Info.plist */ = {isa = PBXFileReference; lastKnownFileType = text.plist.xml; path = Info.plist; sourceTree = "<group>"; };
		A72FEF562296D78B007AB808 /* GoogleUtilities.framework */ = {isa = PBXFileReference; explicitFileType = wrapper.framework; path = GoogleUtilities.framework; sourceTree = BUILT_PRODUCTS_DIR; };
		A73B67E01F8F181C00C788B6 /* EnumsAndStructs.swift */ = {isa = PBXFileReference; lastKnownFileType = sourcecode.swift; path = EnumsAndStructs.swift; sourceTree = "<group>"; };
		A75F0C3D208D8FF50004995D /* QuartzCore.framework */ = {isa = PBXFileReference; lastKnownFileType = wrapper.framework; name = QuartzCore.framework; path = System/Library/Frameworks/QuartzCore.framework; sourceTree = SDKROOT; };
		A768930A210A485600767DF7 /* LevelEditor.swift */ = {isa = PBXFileReference; lastKnownFileType = sourcecode.swift; path = LevelEditor.swift; sourceTree = "<group>"; };
		A768930D210A489F00767DF7 /* LevelEditorVC.swift */ = {isa = PBXFileReference; lastKnownFileType = sourcecode.swift; path = LevelEditorVC.swift; sourceTree = "<group>"; };
		A76F5E212095ACFF009CAE45 /* LevelSelectVC.swift */ = {isa = PBXFileReference; lastKnownFileType = sourcecode.swift; path = LevelSelectVC.swift; sourceTree = "<group>"; };
		A7A6E28320BA51B000A9CD70 /* LevelSceneVC.swift */ = {isa = PBXFileReference; lastKnownFileType = sourcecode.swift; path = LevelSceneVC.swift; sourceTree = "<group>"; };
		A7A7CF17228BE16400CF4F8A /* GameObjects.swift */ = {isa = PBXFileReference; lastKnownFileType = sourcecode.swift; path = GameObjects.swift; sourceTree = "<group>"; };
		A7E9E075228BE07600DFF5DC /* LevelScene.swift */ = {isa = PBXFileReference; lastKnownFileType = sourcecode.swift; path = LevelScene.swift; sourceTree = "<group>"; };
		A7E9E077228BE0A300DFF5DC /* LevelMakerScene.swift */ = {isa = PBXFileReference; lastKnownFileType = sourcecode.swift; path = LevelMakerScene.swift; sourceTree = "<group>"; };
		A7E9E07B228BE0FC00DFF5DC /* LevelDataArray.swift */ = {isa = PBXFileReference; lastKnownFileType = sourcecode.swift; path = LevelDataArray.swift; sourceTree = "<group>"; };
		A7FDABC31FDCF15D006FD335 /* Button.swift */ = {isa = PBXFileReference; lastKnownFileType = sourcecode.swift; path = Button.swift; sourceTree = "<group>"; };
		BDFBE36ED57798A0B137A8AD /* Pods-BarBouncerTests.debug.xcconfig */ = {isa = PBXFileReference; includeInIndex = 1; lastKnownFileType = text.xcconfig; name = "Pods-BarBouncerTests.debug.xcconfig"; path = "Target Support Files/Pods-BarBouncerTests/Pods-BarBouncerTests.debug.xcconfig"; sourceTree = "<group>"; };
		C7432E477066DB7931AE9D7B /* Pods-BarBouncer.release.xcconfig */ = {isa = PBXFileReference; includeInIndex = 1; lastKnownFileType = text.xcconfig; name = "Pods-BarBouncer.release.xcconfig"; path = "Target Support Files/Pods-BarBouncer/Pods-BarBouncer.release.xcconfig"; sourceTree = "<group>"; };
/* End PBXFileReference section */

/* Begin PBXFrameworksBuildPhase section */
		A7034A1A1EB16D8400646900 /* Frameworks */ = {
			isa = PBXFrameworksBuildPhase;
			buildActionMask = 2147483647;
			files = (
				A7537A1721AFBB37004B840A /* QuartzCore.framework in Frameworks */,
				48FA922F5214EC67C651379E /* Pods_BarBouncer.framework in Frameworks */,
			);
			runOnlyForDeploymentPostprocessing = 0;
		};
		A7034A341EB16D8500646900 /* Frameworks */ = {
			isa = PBXFrameworksBuildPhase;
			buildActionMask = 2147483647;
			files = (
				D699E8F3A3CD379C335D9347 /* Pods_BarBouncerTests.framework in Frameworks */,
			);
			runOnlyForDeploymentPostprocessing = 0;
		};
		A7034A3F1EB16D8500646900 /* Frameworks */ = {
			isa = PBXFrameworksBuildPhase;
			buildActionMask = 2147483647;
			files = (
				1C4FF09BE69A1B6CA2B2E73F /* Pods_BarBouncerUITests.framework in Frameworks */,
			);
			runOnlyForDeploymentPostprocessing = 0;
		};
/* End PBXFrameworksBuildPhase section */

/* Begin PBXGroup section */
		A7034A141EB16D8400646900 = {
			isa = PBXGroup;
			children = (
				A7034A2D1EB16D8500646900 /* Assets.xcassets */,
				A7034A1F1EB16D8500646900 /* BarBouncer */,
				A7034A3A1EB16D8500646900 /* BarBounce to endTests */,
				A7034A451EB16D8500646900 /* BarBounce UITests */,
				A7034A1E1EB16D8500646900 /* Products */,
				A75F0C3C208D8FF40004995D /* Frameworks */,
				AECEA6FAFD221991C2DD6E1C /* Pods */,
			);
			sourceTree = "<group>";
		};
		A7034A1E1EB16D8500646900 /* Products */ = {
			isa = PBXGroup;
			children = (
				A7034A1D1EB16D8500646900 /* BarBouncer.app */,
				A7034A371EB16D8500646900 /* BarBouncerTests.xctest */,
				A7034A421EB16D8500646900 /* BarBouncerUITests.xctest */,
			);
			name = Products;
			sourceTree = "<group>";
		};
		A7034A1F1EB16D8500646900 /* BarBouncer */ = {
			isa = PBXGroup;
			children = (
				A72FA91A228144CD0027E2CE /* Views */,
				A72FA91C2281BB4B0027E2CE /* GameObjects */,
				A7FDABC31FDCF15D006FD335 /* Button.swift */,
				A7E9E07B228BE0FC00DFF5DC /* LevelDataArray.swift */,
				A73B67E01F8F181C00C788B6 /* EnumsAndStructs.swift */,
				A72FA91B2281BABD0027E2CE /* other */,
			);
			path = BarBouncer;
			sourceTree = "<group>";
		};
		A7034A3A1EB16D8500646900 /* BarBounce to endTests */ = {
			isa = PBXGroup;
			children = (
				A7034A3D1EB16D8500646900 /* Info.plist */,
			);
			name = "BarBounce to endTests";
			path = BarBouncerTests;
			sourceTree = "<group>";
		};
		A7034A451EB16D8500646900 /* BarBounce UITests */ = {
			isa = PBXGroup;
			children = (
				A7034A461EB16D8500646900 /* BarBouncerUITests.swift */,
				A7034A481EB16D8500646900 /* Info.plist */,
			);
			name = "BarBounce UITests";
			path = BarBouncerUITests;
			sourceTree = "<group>";
		};
		A72FA91A228144CD0027E2CE /* Views */ = {
			isa = PBXGroup;
			children = (
				A7034A281EB16D8500646900 /* HomeVC.swift */,
				A76F5E212095ACFF009CAE45 /* LevelSelectVC.swift */,
				A7A6E28320BA51B000A9CD70 /* LevelSceneVC.swift */,
				A7E9E075228BE07600DFF5DC /* LevelScene.swift */,
				A768930D210A489F00767DF7 /* LevelEditorVC.swift */,
				A768930A210A485600767DF7 /* LevelEditor.swift */,
				A7E9E077228BE0A300DFF5DC /* LevelMakerScene.swift */,
			);
			path = Views;
			sourceTree = "<group>";
		};
		A72FA91B2281BABD0027E2CE /* other */ = {
			isa = PBXGroup;
			children = (
				A7034A201EB16D8500646900 /* AppDelegate.swift */,
				A7034A241EB16D8500646900 /* Actions.sks */,
				A7034A2F1EB16D8500646900 /* LaunchScreen.storyboard */,
				A7034A321EB16D8500646900 /* Info.plist */,
			);
			path = other;
			sourceTree = "<group>";
		};
		A72FA91C2281BB4B0027E2CE /* GameObjects */ = {
			isa = PBXGroup;
			children = (
				A7A7CF17228BE16400CF4F8A /* GameObjects.swift */,
			);
			path = GameObjects;
			sourceTree = "<group>";
		};
		A75F0C3C208D8FF40004995D /* Frameworks */ = {
			isa = PBXGroup;
			children = (
				A72FEF562296D78B007AB808 /* GoogleUtilities.framework */,
				A75F0C3D208D8FF50004995D /* QuartzCore.framework */,
				63D4949BA4574E2F30C85DC8 /* Pods_BarBouncer.framework */,
				4A0606B34604DEC1D99F6725 /* Pods_BarBouncerTests.framework */,
				691CB8360DD2DD066A0AD128 /* Pods_BarBouncerUITests.framework */,
			);
			name = Frameworks;
			sourceTree = "<group>";
		};
		AECEA6FAFD221991C2DD6E1C /* Pods */ = {
			isa = PBXGroup;
			children = (
				10991CC7B9487FECD335A5A6 /* Pods-BarBouncer.debug.xcconfig */,
				C7432E477066DB7931AE9D7B /* Pods-BarBouncer.release.xcconfig */,
				BDFBE36ED57798A0B137A8AD /* Pods-BarBouncerTests.debug.xcconfig */,
				89E06267C54F32EB15A09DCB /* Pods-BarBouncerTests.release.xcconfig */,
				9F911F6BF1F45E08E0B08F01 /* Pods-BarBouncerUITests.debug.xcconfig */,
				1874ACEBA5CAF8A35FFE6C13 /* Pods-BarBouncerUITests.release.xcconfig */,
			);
			path = Pods;
			sourceTree = "<group>";
		};
/* End PBXGroup section */

/* Begin PBXNativeTarget section */
		A7034A1C1EB16D8400646900 /* BarBouncer */ = {
			isa = PBXNativeTarget;
			buildConfigurationList = A7034A4B1EB16D8500646900 /* Build configuration list for PBXNativeTarget "BarBouncer" */;
			buildPhases = (
				58E447CC5DCC694E0435C912 /* [CP] Check Pods Manifest.lock */,
				A7034A191EB16D8400646900 /* Sources */,
				A7034A1A1EB16D8400646900 /* Frameworks */,
				A7034A1B1EB16D8400646900 /* Resources */,
				E8966DB776393AEDA65DBAD6 /* [CP] Embed Pods Frameworks */,
			);
			buildRules = (
			);
			dependencies = (
			);
			name = BarBouncer;
			productName = BarBouncer;
			productReference = A7034A1D1EB16D8500646900 /* BarBouncer.app */;
			productType = "com.apple.product-type.application";
		};
		A7034A361EB16D8500646900 /* BarBouncerTests */ = {
			isa = PBXNativeTarget;
			buildConfigurationList = A7034A4E1EB16D8500646900 /* Build configuration list for PBXNativeTarget "BarBouncerTests" */;
			buildPhases = (
				9C9F40BEDE2A4C852EE8CFFB /* [CP] Check Pods Manifest.lock */,
				A7034A331EB16D8500646900 /* Sources */,
				A7034A341EB16D8500646900 /* Frameworks */,
				A7034A351EB16D8500646900 /* Resources */,
			);
			buildRules = (
			);
			dependencies = (
				A7034A391EB16D8500646900 /* PBXTargetDependency */,
			);
			name = BarBouncerTests;
			productName = BarBouncerTests;
			productReference = A7034A371EB16D8500646900 /* BarBouncerTests.xctest */;
			productType = "com.apple.product-type.bundle.unit-test";
		};
		A7034A411EB16D8500646900 /* BarBouncerUITests */ = {
			isa = PBXNativeTarget;
			buildConfigurationList = A7034A511EB16D8500646900 /* Build configuration list for PBXNativeTarget "BarBouncerUITests" */;
			buildPhases = (
				872B30115A1868607E6F985D /* [CP] Check Pods Manifest.lock */,
				A7034A3E1EB16D8500646900 /* Sources */,
				A7034A3F1EB16D8500646900 /* Frameworks */,
				A7034A401EB16D8500646900 /* Resources */,
			);
			buildRules = (
			);
			dependencies = (
				A7034A441EB16D8500646900 /* PBXTargetDependency */,
			);
			name = BarBouncerUITests;
			productName = BarBouncerUITests;
			productReference = A7034A421EB16D8500646900 /* BarBouncerUITests.xctest */;
			productType = "com.apple.product-type.bundle.ui-testing";
		};
/* End PBXNativeTarget section */

/* Begin PBXProject section */
		A7034A151EB16D8400646900 /* Project object */ = {
			isa = PBXProject;
			attributes = {
				LastSwiftUpdateCheck = 0830;
				LastUpgradeCheck = 1020;
				ORGANIZATIONNAME = "Brian Cao";
				TargetAttributes = {
					A7034A1C1EB16D8400646900 = {
						CreatedOnToolsVersion = 8.3.2;
						DevelopmentTeam = 8XADYWMGR5;
						LastSwiftMigration = 0900;
						ProvisioningStyle = Automatic;
					};
					A7034A361EB16D8500646900 = {
						CreatedOnToolsVersion = 8.3.2;
						DevelopmentTeam = 8XADYWMGR5;
						LastSwiftMigration = 0900;
						ProvisioningStyle = Automatic;
						TestTargetID = A7034A1C1EB16D8400646900;
					};
					A7034A411EB16D8500646900 = {
						CreatedOnToolsVersion = 8.3.2;
						DevelopmentTeam = 8XADYWMGR5;
						LastSwiftMigration = 0900;
						ProvisioningStyle = Automatic;
						TestTargetID = A7034A1C1EB16D8400646900;
					};
				};
			};
			buildConfigurationList = A7034A181EB16D8400646900 /* Build configuration list for PBXProject "BarBouncer" */;
			compatibilityVersion = "Xcode 3.2";
			developmentRegion = en;
			hasScannedForEncodings = 0;
			knownRegions = (
				en,
				Base,
			);
			mainGroup = A7034A141EB16D8400646900;
			productRefGroup = A7034A1E1EB16D8500646900 /* Products */;
			projectDirPath = "";
			projectRoot = "";
			targets = (
				A7034A1C1EB16D8400646900 /* BarBouncer */,
				A7034A361EB16D8500646900 /* BarBouncerTests */,
				A7034A411EB16D8500646900 /* BarBouncerUITests */,
			);
		};
/* End PBXProject section */

/* Begin PBXResourcesBuildPhase section */
		A7034A1B1EB16D8400646900 /* Resources */ = {
			isa = PBXResourcesBuildPhase;
			buildActionMask = 2147483647;
			files = (
				A7034A2E1EB16D8500646900 /* Assets.xcassets in Resources */,
				A7034A311EB16D8500646900 /* LaunchScreen.storyboard in Resources */,
				A7034A251EB16D8500646900 /* Actions.sks in Resources */,
			);
			runOnlyForDeploymentPostprocessing = 0;
		};
		A7034A351EB16D8500646900 /* Resources */ = {
			isa = PBXResourcesBuildPhase;
			buildActionMask = 2147483647;
			files = (
			);
			runOnlyForDeploymentPostprocessing = 0;
		};
		A7034A401EB16D8500646900 /* Resources */ = {
			isa = PBXResourcesBuildPhase;
			buildActionMask = 2147483647;
			files = (
			);
			runOnlyForDeploymentPostprocessing = 0;
		};
/* End PBXResourcesBuildPhase section */

/* Begin PBXShellScriptBuildPhase section */
		58E447CC5DCC694E0435C912 /* [CP] Check Pods Manifest.lock */ = {
			isa = PBXShellScriptBuildPhase;
			buildActionMask = 2147483647;
			files = (
			);
			inputFileListPaths = (
			);
			inputPaths = (
				"${PODS_PODFILE_DIR_PATH}/Podfile.lock",
				"${PODS_ROOT}/Manifest.lock",
			);
			name = "[CP] Check Pods Manifest.lock";
			outputFileListPaths = (
			);
			outputPaths = (
				"$(DERIVED_FILE_DIR)/Pods-BarBouncer-checkManifestLockResult.txt",
			);
			runOnlyForDeploymentPostprocessing = 0;
			shellPath = /bin/sh;
			shellScript = "diff \"${PODS_PODFILE_DIR_PATH}/Podfile.lock\" \"${PODS_ROOT}/Manifest.lock\" > /dev/null\nif [ $? != 0 ] ; then\n    # print error to STDERR\n    echo \"error: The sandbox is not in sync with the Podfile.lock. Run 'pod install' or update your CocoaPods installation.\" >&2\n    exit 1\nfi\n# This output is used by Xcode 'outputs' to avoid re-running this script phase.\necho \"SUCCESS\" > \"${SCRIPT_OUTPUT_FILE_0}\"\n";
			showEnvVarsInLog = 0;
		};
		872B30115A1868607E6F985D /* [CP] Check Pods Manifest.lock */ = {
			isa = PBXShellScriptBuildPhase;
			buildActionMask = 2147483647;
			files = (
			);
			inputFileListPaths = (
			);
			inputPaths = (
				"${PODS_PODFILE_DIR_PATH}/Podfile.lock",
				"${PODS_ROOT}/Manifest.lock",
			);
			name = "[CP] Check Pods Manifest.lock";
			outputFileListPaths = (
			);
			outputPaths = (
				"$(DERIVED_FILE_DIR)/Pods-BarBouncerUITests-checkManifestLockResult.txt",
			);
			runOnlyForDeploymentPostprocessing = 0;
			shellPath = /bin/sh;
			shellScript = "diff \"${PODS_PODFILE_DIR_PATH}/Podfile.lock\" \"${PODS_ROOT}/Manifest.lock\" > /dev/null\nif [ $? != 0 ] ; then\n    # print error to STDERR\n    echo \"error: The sandbox is not in sync with the Podfile.lock. Run 'pod install' or update your CocoaPods installation.\" >&2\n    exit 1\nfi\n# This output is used by Xcode 'outputs' to avoid re-running this script phase.\necho \"SUCCESS\" > \"${SCRIPT_OUTPUT_FILE_0}\"\n";
			showEnvVarsInLog = 0;
		};
		9C9F40BEDE2A4C852EE8CFFB /* [CP] Check Pods Manifest.lock */ = {
			isa = PBXShellScriptBuildPhase;
			buildActionMask = 2147483647;
			files = (
			);
			inputFileListPaths = (
			);
			inputPaths = (
				"${PODS_PODFILE_DIR_PATH}/Podfile.lock",
				"${PODS_ROOT}/Manifest.lock",
			);
			name = "[CP] Check Pods Manifest.lock";
			outputFileListPaths = (
			);
			outputPaths = (
				"$(DERIVED_FILE_DIR)/Pods-BarBouncerTests-checkManifestLockResult.txt",
			);
			runOnlyForDeploymentPostprocessing = 0;
			shellPath = /bin/sh;
			shellScript = "diff \"${PODS_PODFILE_DIR_PATH}/Podfile.lock\" \"${PODS_ROOT}/Manifest.lock\" > /dev/null\nif [ $? != 0 ] ; then\n    # print error to STDERR\n    echo \"error: The sandbox is not in sync with the Podfile.lock. Run 'pod install' or update your CocoaPods installation.\" >&2\n    exit 1\nfi\n# This output is used by Xcode 'outputs' to avoid re-running this script phase.\necho \"SUCCESS\" > \"${SCRIPT_OUTPUT_FILE_0}\"\n";
			showEnvVarsInLog = 0;
		};
		E8966DB776393AEDA65DBAD6 /* [CP] Embed Pods Frameworks */ = {
			isa = PBXShellScriptBuildPhase;
			buildActionMask = 2147483647;
			files = (
			);
			inputFileListPaths = (
			);
			inputPaths = (
				"${PODS_ROOT}/Target Support Files/Pods-BarBouncer/Pods-BarBouncer-frameworks.sh",
				"${BUILT_PRODUCTS_DIR}/GoogleUtilities/GoogleUtilities.framework",
				"${BUILT_PRODUCTS_DIR}/nanopb/nanopb.framework",
			);
			name = "[CP] Embed Pods Frameworks";
			outputFileListPaths = (
			);
			outputPaths = (
				"${TARGET_BUILD_DIR}/${FRAMEWORKS_FOLDER_PATH}/GoogleUtilities.framework",
				"${TARGET_BUILD_DIR}/${FRAMEWORKS_FOLDER_PATH}/nanopb.framework",
			);
			runOnlyForDeploymentPostprocessing = 0;
			shellPath = /bin/sh;
			shellScript = "\"${PODS_ROOT}/Target Support Files/Pods-BarBouncer/Pods-BarBouncer-frameworks.sh\"\n";
			showEnvVarsInLog = 0;
		};
/* End PBXShellScriptBuildPhase section */

/* Begin PBXSourcesBuildPhase section */
		A7034A191EB16D8400646900 /* Sources */ = {
			isa = PBXSourcesBuildPhase;
			buildActionMask = 2147483647;
			files = (
				A7E9E07C228BE0FC00DFF5DC /* LevelDataArray.swift in Sources */,
				A7A7CF18228BE16400CF4F8A /* GameObjects.swift in Sources */,
				A768930E210A489F00767DF7 /* LevelEditorVC.swift in Sources */,
				A7034A291EB16D8500646900 /* HomeVC.swift in Sources */,
				A73B67E11F8F181C00C788B6 /* EnumsAndStructs.swift in Sources */,
				A7E9E078228BE0A300DFF5DC /* LevelMakerScene.swift in Sources */,
				A7034A211EB16D8500646900 /* AppDelegate.swift in Sources */,
				A76F5E222095ACFF009CAE45 /* LevelSelectVC.swift in Sources */,
				A768930B210A485600767DF7 /* LevelEditor.swift in Sources */,
				A7E9E076228BE07600DFF5DC /* LevelScene.swift in Sources */,
				A7A6E28420BA51B000A9CD70 /* LevelSceneVC.swift in Sources */,
				A7FDABC41FDCF15D006FD335 /* Button.swift in Sources */,
			);
			runOnlyForDeploymentPostprocessing = 0;
		};
		A7034A331EB16D8500646900 /* Sources */ = {
			isa = PBXSourcesBuildPhase;
			buildActionMask = 2147483647;
			files = (
			);
			runOnlyForDeploymentPostprocessing = 0;
		};
		A7034A3E1EB16D8500646900 /* Sources */ = {
			isa = PBXSourcesBuildPhase;
			buildActionMask = 2147483647;
			files = (
				A7034A471EB16D8500646900 /* BarBouncerUITests.swift in Sources */,
			);
			runOnlyForDeploymentPostprocessing = 0;
		};
/* End PBXSourcesBuildPhase section */

/* Begin PBXTargetDependency section */
		A7034A391EB16D8500646900 /* PBXTargetDependency */ = {
			isa = PBXTargetDependency;
			target = A7034A1C1EB16D8400646900 /* BarBouncer */;
			targetProxy = A7034A381EB16D8500646900 /* PBXContainerItemProxy */;
		};
		A7034A441EB16D8500646900 /* PBXTargetDependency */ = {
			isa = PBXTargetDependency;
			target = A7034A1C1EB16D8400646900 /* BarBouncer */;
			targetProxy = A7034A431EB16D8500646900 /* PBXContainerItemProxy */;
		};
/* End PBXTargetDependency section */

/* Begin PBXVariantGroup section */
		A7034A2F1EB16D8500646900 /* LaunchScreen.storyboard */ = {
			isa = PBXVariantGroup;
			children = (
				A7034A301EB16D8500646900 /* Base */,
			);
			name = LaunchScreen.storyboard;
			sourceTree = "<group>";
		};
/* End PBXVariantGroup section */

/* Begin XCBuildConfiguration section */
		A7034A491EB16D8500646900 /* Debug */ = {
			isa = XCBuildConfiguration;
			buildSettings = {
				ALWAYS_SEARCH_USER_PATHS = NO;
				CLANG_ANALYZER_NONNULL = YES;
				CLANG_ANALYZER_NUMBER_OBJECT_CONVERSION = YES_AGGRESSIVE;
				CLANG_CXX_LANGUAGE_STANDARD = "gnu++0x";
				CLANG_CXX_LIBRARY = "libc++";
				CLANG_ENABLE_MODULES = YES;
				CLANG_ENABLE_OBJC_ARC = YES;
				CLANG_WARN_BLOCK_CAPTURE_AUTORELEASING = YES;
				CLANG_WARN_BOOL_CONVERSION = YES;
				CLANG_WARN_COMMA = YES;
				CLANG_WARN_CONSTANT_CONVERSION = YES;
				CLANG_WARN_DEPRECATED_OBJC_IMPLEMENTATIONS = YES;
				CLANG_WARN_DIRECT_OBJC_ISA_USAGE = YES_ERROR;
				CLANG_WARN_DOCUMENTATION_COMMENTS = YES;
				CLANG_WARN_EMPTY_BODY = YES;
				CLANG_WARN_ENUM_CONVERSION = YES;
				CLANG_WARN_INFINITE_RECURSION = YES;
				CLANG_WARN_INT_CONVERSION = YES;
				CLANG_WARN_NON_LITERAL_NULL_CONVERSION = YES;
				CLANG_WARN_OBJC_IMPLICIT_RETAIN_SELF = YES;
				CLANG_WARN_OBJC_LITERAL_CONVERSION = YES;
				CLANG_WARN_OBJC_ROOT_CLASS = YES_ERROR;
				CLANG_WARN_RANGE_LOOP_ANALYSIS = YES;
				CLANG_WARN_STRICT_PROTOTYPES = YES;
				CLANG_WARN_SUSPICIOUS_MOVE = YES;
				CLANG_WARN_UNREACHABLE_CODE = YES;
				CLANG_WARN__DUPLICATE_METHOD_MATCH = YES;
				"CODE_SIGN_IDENTITY[sdk=iphoneos*]" = "iPhone Developer";
				COPY_PHASE_STRIP = NO;
				DEBUG_INFORMATION_FORMAT = dwarf;
				ENABLE_STRICT_OBJC_MSGSEND = YES;
				ENABLE_TESTABILITY = YES;
				GCC_C_LANGUAGE_STANDARD = gnu99;
				GCC_DYNAMIC_NO_PIC = NO;
				GCC_NO_COMMON_BLOCKS = YES;
				GCC_OPTIMIZATION_LEVEL = 0;
				GCC_PREPROCESSOR_DEFINITIONS = (
					"DEBUG=1",
					"$(inherited)",
				);
				GCC_WARN_64_TO_32_BIT_CONVERSION = YES;
				GCC_WARN_ABOUT_RETURN_TYPE = YES_ERROR;
				GCC_WARN_UNDECLARED_SELECTOR = YES;
				GCC_WARN_UNINITIALIZED_AUTOS = YES_AGGRESSIVE;
				GCC_WARN_UNUSED_FUNCTION = YES;
				GCC_WARN_UNUSED_VARIABLE = YES;
				IPHONEOS_DEPLOYMENT_TARGET = 12.0;
				MTL_ENABLE_DEBUG_INFO = YES;
				ONLY_ACTIVE_ARCH = YES;
				SDKROOT = iphoneos;
				SWIFT_ACTIVE_COMPILATION_CONDITIONS = DEBUG;
				SWIFT_OPTIMIZATION_LEVEL = "-Onone";
				TARGETED_DEVICE_FAMILY = "1,2";
			};
			name = Debug;
		};
		A7034A4A1EB16D8500646900 /* Release */ = {
			isa = XCBuildConfiguration;
			buildSettings = {
				ALWAYS_SEARCH_USER_PATHS = NO;
				CLANG_ANALYZER_NONNULL = YES;
				CLANG_ANALYZER_NUMBER_OBJECT_CONVERSION = YES_AGGRESSIVE;
				CLANG_CXX_LANGUAGE_STANDARD = "gnu++0x";
				CLANG_CXX_LIBRARY = "libc++";
				CLANG_ENABLE_MODULES = YES;
				CLANG_ENABLE_OBJC_ARC = YES;
				CLANG_WARN_BLOCK_CAPTURE_AUTORELEASING = YES;
				CLANG_WARN_BOOL_CONVERSION = YES;
				CLANG_WARN_COMMA = YES;
				CLANG_WARN_CONSTANT_CONVERSION = YES;
				CLANG_WARN_DEPRECATED_OBJC_IMPLEMENTATIONS = YES;
				CLANG_WARN_DIRECT_OBJC_ISA_USAGE = YES_ERROR;
				CLANG_WARN_DOCUMENTATION_COMMENTS = YES;
				CLANG_WARN_EMPTY_BODY = YES;
				CLANG_WARN_ENUM_CONVERSION = YES;
				CLANG_WARN_INFINITE_RECURSION = YES;
				CLANG_WARN_INT_CONVERSION = YES;
				CLANG_WARN_NON_LITERAL_NULL_CONVERSION = YES;
				CLANG_WARN_OBJC_IMPLICIT_RETAIN_SELF = YES;
				CLANG_WARN_OBJC_LITERAL_CONVERSION = YES;
				CLANG_WARN_OBJC_ROOT_CLASS = YES_ERROR;
				CLANG_WARN_RANGE_LOOP_ANALYSIS = YES;
				CLANG_WARN_STRICT_PROTOTYPES = YES;
				CLANG_WARN_SUSPICIOUS_MOVE = YES;
				CLANG_WARN_UNREACHABLE_CODE = YES;
				CLANG_WARN__DUPLICATE_METHOD_MATCH = YES;
				"CODE_SIGN_IDENTITY[sdk=iphoneos*]" = "iPhone Developer";
				COPY_PHASE_STRIP = NO;
				DEBUG_INFORMATION_FORMAT = "dwarf-with-dsym";
				ENABLE_NS_ASSERTIONS = NO;
				ENABLE_STRICT_OBJC_MSGSEND = YES;
				GCC_C_LANGUAGE_STANDARD = gnu99;
				GCC_NO_COMMON_BLOCKS = YES;
				GCC_WARN_64_TO_32_BIT_CONVERSION = YES;
				GCC_WARN_ABOUT_RETURN_TYPE = YES_ERROR;
				GCC_WARN_UNDECLARED_SELECTOR = YES;
				GCC_WARN_UNINITIALIZED_AUTOS = YES_AGGRESSIVE;
				GCC_WARN_UNUSED_FUNCTION = YES;
				GCC_WARN_UNUSED_VARIABLE = YES;
				IPHONEOS_DEPLOYMENT_TARGET = 12.0;
				MTL_ENABLE_DEBUG_INFO = NO;
				SDKROOT = iphoneos;
				SWIFT_OPTIMIZATION_LEVEL = "-Owholemodule";
				TARGETED_DEVICE_FAMILY = "1,2";
				VALIDATE_PRODUCT = YES;
			};
			name = Release;
		};
		A7034A4C1EB16D8500646900 /* Debug */ = {
			isa = XCBuildConfiguration;
			baseConfigurationReference = 10991CC7B9487FECD335A5A6 /* Pods-BarBouncer.debug.xcconfig */;
			buildSettings = {
				ASSETCATALOG_COMPILER_APPICON_NAME = AppIcon;
				ASSETCATALOG_COMPILER_LAUNCHIMAGE_NAME = LaunchImage;
				CODE_SIGN_IDENTITY = "iPhone Developer";
				"CODE_SIGN_IDENTITY[sdk=iphoneos*]" = "iPhone Developer";
				CODE_SIGN_STYLE = Automatic;
				DEVELOPMENT_TEAM = 8XADYWMGR5;
				FRAMEWORK_SEARCH_PATHS = (
					"$(inherited)",
					"$(PROJECT_DIR)/ball\\ to\\ end",
				);
				INFOPLIST_FILE = "$(SRCROOT)/BarBouncer/other/Info.plist";
				IPHONEOS_DEPLOYMENT_TARGET = 11.0;
				LD_RUNPATH_SEARCH_PATHS = "$(inherited) @executable_path/Frameworks";
				PRODUCT_BUNDLE_IDENTIFIER = com.bdc.barbouncer;
				PRODUCT_NAME = "$(TARGET_NAME)";
				PROVISIONING_PROFILE_SPECIFIER = "";
				SWIFT_VERSION = 4.0;
				TARGETED_DEVICE_FAMILY = 1;
			};
			name = Debug;
		};
		A7034A4D1EB16D8500646900 /* Release */ = {
			isa = XCBuildConfiguration;
			baseConfigurationReference = C7432E477066DB7931AE9D7B /* Pods-BarBouncer.release.xcconfig */;
			buildSettings = {
				ASSETCATALOG_COMPILER_APPICON_NAME = AppIcon;
				ASSETCATALOG_COMPILER_LAUNCHIMAGE_NAME = LaunchImage;
				CODE_SIGN_IDENTITY = "iPhone Developer";
				"CODE_SIGN_IDENTITY[sdk=iphoneos*]" = "iPhone Developer";
				CODE_SIGN_STYLE = Automatic;
				DEVELOPMENT_TEAM = 8XADYWMGR5;
				FRAMEWORK_SEARCH_PATHS = (
					"$(inherited)",
					"$(PROJECT_DIR)/ball\\ to\\ end",
				);
				INFOPLIST_FILE = "$(SRCROOT)/BarBouncer/other/Info.plist";
				IPHONEOS_DEPLOYMENT_TARGET = 11.0;
				LD_RUNPATH_SEARCH_PATHS = "$(inherited) @executable_path/Frameworks";
				PRODUCT_BUNDLE_IDENTIFIER = com.bdc.barbouncer;
				PRODUCT_NAME = "$(TARGET_NAME)";
				PROVISIONING_PROFILE_SPECIFIER = "";
				SWIFT_VERSION = 4.0;
				TARGETED_DEVICE_FAMILY = 1;
			};
			name = Release;
		};
		A7034A4F1EB16D8500646900 /* Debug */ = {
			isa = XCBuildConfiguration;
			baseConfigurationReference = BDFBE36ED57798A0B137A8AD /* Pods-BarBouncerTests.debug.xcconfig */;
			buildSettings = {
				ALWAYS_EMBED_SWIFT_STANDARD_LIBRARIES = YES;
				BUNDLE_LOADER = "$(TEST_HOST)";
				DEVELOPMENT_TEAM = 8XADYWMGR5;
				INFOPLIST_FILE = BarBouncerTests/Info.plist;
				LD_RUNPATH_SEARCH_PATHS = "$(inherited) @executable_path/Frameworks @loader_path/Frameworks";
				PRODUCT_BUNDLE_IDENTIFIER = "com.cao.ball-to-endTests";
				PRODUCT_NAME = "$(TARGET_NAME)";
				SWIFT_VERSION = 4.0;
				TEST_HOST = "$(BUILT_PRODUCTS_DIR)/BarBouncer.app/BarBouncer";
			};
			name = Debug;
		};
		A7034A501EB16D8500646900 /* Release */ = {
			isa = XCBuildConfiguration;
			baseConfigurationReference = 89E06267C54F32EB15A09DCB /* Pods-BarBouncerTests.release.xcconfig */;
			buildSettings = {
				ALWAYS_EMBED_SWIFT_STANDARD_LIBRARIES = YES;
				BUNDLE_LOADER = "$(TEST_HOST)";
				DEVELOPMENT_TEAM = 8XADYWMGR5;
				INFOPLIST_FILE = BarBouncerTests/Info.plist;
				LD_RUNPATH_SEARCH_PATHS = "$(inherited) @executable_path/Frameworks @loader_path/Frameworks";
				PRODUCT_BUNDLE_IDENTIFIER = "com.cao.ball-to-endTests";
				PRODUCT_NAME = "$(TARGET_NAME)";
				SWIFT_VERSION = 4.0;
				TEST_HOST = "$(BUILT_PRODUCTS_DIR)/BarBouncer.app/BarBouncer";
			};
			name = Release;
		};
		A7034A521EB16D8500646900 /* Debug */ = {
			isa = XCBuildConfiguration;
			baseConfigurationReference = 9F911F6BF1F45E08E0B08F01 /* Pods-BarBouncerUITests.debug.xcconfig */;
			buildSettings = {
				ALWAYS_EMBED_SWIFT_STANDARD_LIBRARIES = YES;
				DEVELOPMENT_TEAM = 8XADYWMGR5;
				INFOPLIST_FILE = BarBouncerUITests/Info.plist;
				LD_RUNPATH_SEARCH_PATHS = "$(inherited) @executable_path/Frameworks @loader_path/Frameworks";
				PRODUCT_BUNDLE_IDENTIFIER = "com.cao.ball-to-endUITests";
				PRODUCT_NAME = "$(TARGET_NAME)";
				SWIFT_VERSION = 4.0;
				TEST_TARGET_NAME = BarBouncer;
			};
			name = Debug;
		};
		A7034A531EB16D8500646900 /* Release */ = {
			isa = XCBuildConfiguration;
			baseConfigurationReference = 1874ACEBA5CAF8A35FFE6C13 /* Pods-BarBouncerUITests.release.xcconfig */;
			buildSettings = {
				ALWAYS_EMBED_SWIFT_STANDARD_LIBRARIES = YES;
				DEVELOPMENT_TEAM = 8XADYWMGR5;
				INFOPLIST_FILE = BarBouncerUITests/Info.plist;
				LD_RUNPATH_SEARCH_PATHS = "$(inherited) @executable_path/Frameworks @loader_path/Frameworks";
				PRODUCT_BUNDLE_IDENTIFIER = "com.cao.ball-to-endUITests";
				PRODUCT_NAME = "$(TARGET_NAME)";
				SWIFT_VERSION = 4.0;
				TEST_TARGET_NAME = BarBouncer;
			};
			name = Release;
		};
/* End XCBuildConfiguration section */

/* Begin XCConfigurationList section */
		A7034A181EB16D8400646900 /* Build configuration list for PBXProject "BarBouncer" */ = {
			isa = XCConfigurationList;
			buildConfigurations = (
				A7034A491EB16D8500646900 /* Debug */,
				A7034A4A1EB16D8500646900 /* Release */,
			);
			defaultConfigurationIsVisible = 0;
			defaultConfigurationName = Release;
		};
		A7034A4B1EB16D8500646900 /* Build configuration list for PBXNativeTarget "BarBouncer" */ = {
			isa = XCConfigurationList;
			buildConfigurations = (
				A7034A4C1EB16D8500646900 /* Debug */,
				A7034A4D1EB16D8500646900 /* Release */,
			);
			defaultConfigurationIsVisible = 0;
			defaultConfigurationName = Release;
		};
		A7034A4E1EB16D8500646900 /* Build configuration list for PBXNativeTarget "BarBouncerTests" */ = {
			isa = XCConfigurationList;
			buildConfigurations = (
				A7034A4F1EB16D8500646900 /* Debug */,
				A7034A501EB16D8500646900 /* Release */,
			);
			defaultConfigurationIsVisible = 0;
			defaultConfigurationName = Release;
		};
		A7034A511EB16D8500646900 /* Build configuration list for PBXNativeTarget "BarBouncerUITests" */ = {
			isa = XCConfigurationList;
			buildConfigurations = (
				A7034A521EB16D8500646900 /* Debug */,
				A7034A531EB16D8500646900 /* Release */,
			);
			defaultConfigurationIsVisible = 0;
			defaultConfigurationName = Release;
		};
/* End XCConfigurationList section */
	};
	rootObject = A7034A151EB16D8400646900 /* Project object */;
}
