// !$*UTF8*$!
{
	archiveVersion = 1;
	classes = {
	};
	objectVersion = 46;
	objects = {

/* Begin PBXBuildFile section */
		A7034A211EB16D8500646900 /* AppDelegate.swift in Sources */ = {isa = PBXBuildFile; fileRef = A7034A201EB16D8500646900 /* AppDelegate.swift */; };
		A7034A251EB16D8500646900 /* Actions.sks in Resources */ = {isa = PBXBuildFile; fileRef = A7034A241EB16D8500646900 /* Actions.sks */; };
		A7034A291EB16D8500646900 /* GameViewController.swift in Sources */ = {isa = PBXBuildFile; fileRef = A7034A281EB16D8500646900 /* GameViewController.swift */; };
		A7034A2C1EB16D8500646900 /* Main.storyboard in Resources */ = {isa = PBXBuildFile; fileRef = A7034A2A1EB16D8500646900 /* Main.storyboard */; };
		A7034A2E1EB16D8500646900 /* Assets.xcassets in Resources */ = {isa = PBXBuildFile; fileRef = A7034A2D1EB16D8500646900 /* Assets.xcassets */; };
		A7034A311EB16D8500646900 /* LaunchScreen.storyboard in Resources */ = {isa = PBXBuildFile; fileRef = A7034A2F1EB16D8500646900 /* LaunchScreen.storyboard */; };
		A7034A471EB16D8500646900 /* BarBouncerUITests.swift in Sources */ = {isa = PBXBuildFile; fileRef = A7034A461EB16D8500646900 /* BarBouncerUITests.swift */; };
		A7034A571EB16FD500646900 /* BallClass.swift in Sources */ = {isa = PBXBuildFile; fileRef = A7034A561EB16FD500646900 /* BallClass.swift */; };
		A708DABB1F191E0000487BB3 /* BarClass.swift in Sources */ = {isa = PBXBuildFile; fileRef = A708DABA1F191E0000487BB3 /* BarClass.swift */; };
		A7131B781FFDCF0100CCAE13 /* BarFactory.swift in Sources */ = {isa = PBXBuildFile; fileRef = A7131B771FFDCF0100CCAE13 /* BarFactory.swift */; };
		A7131B7A1FFF35A300CCAE13 /* SwitchBarClass.swift in Sources */ = {isa = PBXBuildFile; fileRef = A7131B791FFF35A300CCAE13 /* SwitchBarClass.swift */; };
		A71963D01EBC022500B079AA /* SolidBarClass.swift in Sources */ = {isa = PBXBuildFile; fileRef = A71963CF1EBC022500B079AA /* SolidBarClass.swift */; };
		A737A3021F04B49600B9AAB9 /* BreakBarClass.swift in Sources */ = {isa = PBXBuildFile; fileRef = A737A3011F04B49600B9AAB9 /* BreakBarClass.swift */; };
		A73B67E11F8F181C00C788B6 /* EnumsAndStructs.swift in Sources */ = {isa = PBXBuildFile; fileRef = A73B67E01F8F181C00C788B6 /* EnumsAndStructs.swift */; };
		A77933441F224A3D00591125 /* HighLightBarsClass.swift in Sources */ = {isa = PBXBuildFile; fileRef = A77933431F224A3D00591125 /* HighLightBarsClass.swift */; };
		A7974D491EEB59DF0079796A /* LevelDataArray.swift in Sources */ = {isa = PBXBuildFile; fileRef = A7974D481EEB59DF0079796A /* LevelDataArray.swift */; };
		A7A723DB1F70E0150074E7FA /* MenuScene.swift in Sources */ = {isa = PBXBuildFile; fileRef = A7A723DA1F70E0150074E7FA /* MenuScene.swift */; };
		A7A723DD1F70E0390074E7FA /* MenuScene.sks in Resources */ = {isa = PBXBuildFile; fileRef = A7A723DC1F70E0390074E7FA /* MenuScene.sks */; };
		A7A9E6E51EB190DF005FBEB0 /* BounceBarClass.swift in Sources */ = {isa = PBXBuildFile; fileRef = A7A9E6E41EB190DF005FBEB0 /* BounceBarClass.swift */; };
		A7D7AFF71EB5321B00A54EF0 /* LevelButtonClass.swift in Sources */ = {isa = PBXBuildFile; fileRef = A7D7AFF61EB5321B00A54EF0 /* LevelButtonClass.swift */; };
		A7DA77BB1F141D0A00BB640F /* LevelMakerScene.swift in Sources */ = {isa = PBXBuildFile; fileRef = A7DA77BA1F141D0A00BB640F /* LevelMakerScene.swift */; };
		A7DA77BD1F141D3600BB640F /* LevelMakerScene.sks in Resources */ = {isa = PBXBuildFile; fileRef = A7DA77BC1F141D3600BB640F /* LevelMakerScene.sks */; };
		A7E8944D1EB509260080B662 /* LevelSelectScene.swift in Sources */ = {isa = PBXBuildFile; fileRef = A7E8944C1EB509260080B662 /* LevelSelectScene.swift */; };
		A7E928E01FB7C66B005AC736 /* GoogleService-Info.plist in Resources */ = {isa = PBXBuildFile; fileRef = A7E928DF1FB7C66B005AC736 /* GoogleService-Info.plist */; };
		A7E928E21FB7C685005AC736 /* GoogleMobileAds.framework in Frameworks */ = {isa = PBXBuildFile; fileRef = A7E928E11FB7C684005AC736 /* GoogleMobileAds.framework */; settings = {ATTRIBUTES = (Required, ); }; };
		A7EC5E291EE9E2E800FCC555 /* LevelScene.swift in Sources */ = {isa = PBXBuildFile; fileRef = A7EC5E281EE9E2E800FCC555 /* LevelScene.swift */; };
		A7EC5E2B1EEA109F00FCC555 /* GameData.swift in Sources */ = {isa = PBXBuildFile; fileRef = A7EC5E2A1EEA109F00FCC555 /* GameData.swift */; };
		A7EF50611EB3F92C00B4B927 /* EndZoneClass.swift in Sources */ = {isa = PBXBuildFile; fileRef = A7EF50601EB3F92C00B4B927 /* EndZoneClass.swift */; };
		A7FDABC21FDC6A41006FD335 /* LevelGrid.swift in Sources */ = {isa = PBXBuildFile; fileRef = A7FDABC11FDC6A41006FD335 /* LevelGrid.swift */; };
		A7FDABC41FDCF15D006FD335 /* Button.swift in Sources */ = {isa = PBXBuildFile; fileRef = A7FDABC31FDCF15D006FD335 /* Button.swift */; };
		A7FFBFDD1EBE62E100F42797 /* PolygonClass.swift in Sources */ = {isa = PBXBuildFile; fileRef = A7FFBFDC1EBE62E100F42797 /* PolygonClass.swift */; };
/* End PBXBuildFile section */

/* Begin PBXContainerItemProxy section */
		A7034A381EB16D8500646900 /* PBXContainerItemProxy */ = {
			isa = PBXContainerItemProxy;
			containerPortal = A7034A151EB16D8400646900 /* Project object */;
			proxyType = 1;
			remoteGlobalIDString = A7034A1C1EB16D8400646900;
			remoteInfo = "ball to end";
		};
		A7034A431EB16D8500646900 /* PBXContainerItemProxy */ = {
			isa = PBXContainerItemProxy;
			containerPortal = A7034A151EB16D8400646900 /* Project object */;
			proxyType = 1;
			remoteGlobalIDString = A7034A1C1EB16D8400646900;
			remoteInfo = "ball to end";
		};
/* End PBXContainerItemProxy section */

/* Begin PBXFileReference section */
		A7034A1D1EB16D8500646900 /* BarBouncer.app */ = {isa = PBXFileReference; explicitFileType = wrapper.application; includeInIndex = 0; path = BarBouncer.app; sourceTree = BUILT_PRODUCTS_DIR; };
		A7034A201EB16D8500646900 /* AppDelegate.swift */ = {isa = PBXFileReference; lastKnownFileType = sourcecode.swift; path = AppDelegate.swift; sourceTree = "<group>"; };
		A7034A241EB16D8500646900 /* Actions.sks */ = {isa = PBXFileReference; lastKnownFileType = file.sks; path = Actions.sks; sourceTree = "<group>"; };
		A7034A281EB16D8500646900 /* GameViewController.swift */ = {isa = PBXFileReference; lastKnownFileType = sourcecode.swift; path = GameViewController.swift; sourceTree = "<group>"; };
		A7034A2B1EB16D8500646900 /* Base */ = {isa = PBXFileReference; lastKnownFileType = file.storyboard; name = Base; path = Base.lproj/Main.storyboard; sourceTree = "<group>"; };
		A7034A2D1EB16D8500646900 /* Assets.xcassets */ = {isa = PBXFileReference; lastKnownFileType = folder.assetcatalog; name = Assets.xcassets; path = "ball to end/Assets.xcassets"; sourceTree = "<group>"; };
		A7034A301EB16D8500646900 /* Base */ = {isa = PBXFileReference; lastKnownFileType = file.storyboard; name = Base; path = Base.lproj/LaunchScreen.storyboard; sourceTree = "<group>"; };
		A7034A321EB16D8500646900 /* Info.plist */ = {isa = PBXFileReference; lastKnownFileType = text.plist.xml; path = Info.plist; sourceTree = "<group>"; };
		A7034A371EB16D8500646900 /* BarBouncerTests.xctest */ = {isa = PBXFileReference; explicitFileType = wrapper.cfbundle; includeInIndex = 0; path = BarBouncerTests.xctest; sourceTree = BUILT_PRODUCTS_DIR; };
		A7034A3D1EB16D8500646900 /* Info.plist */ = {isa = PBXFileReference; lastKnownFileType = text.plist.xml; path = Info.plist; sourceTree = "<group>"; };
		A7034A421EB16D8500646900 /* BarBouncerUITests.xctest */ = {isa = PBXFileReference; explicitFileType = wrapper.cfbundle; includeInIndex = 0; path = BarBouncerUITests.xctest; sourceTree = BUILT_PRODUCTS_DIR; };
		A7034A461EB16D8500646900 /* BarBouncerUITests.swift */ = {isa = PBXFileReference; lastKnownFileType = sourcecode.swift; path = BarBouncerUITests.swift; sourceTree = "<group>"; };
		A7034A481EB16D8500646900 /* Info.plist */ = {isa = PBXFileReference; lastKnownFileType = text.plist.xml; path = Info.plist; sourceTree = "<group>"; };
		A7034A561EB16FD500646900 /* BallClass.swift */ = {isa = PBXFileReference; fileEncoding = 4; lastKnownFileType = sourcecode.swift; path = BallClass.swift; sourceTree = "<group>"; };
		A708DABA1F191E0000487BB3 /* BarClass.swift */ = {isa = PBXFileReference; fileEncoding = 4; lastKnownFileType = sourcecode.swift; path = BarClass.swift; sourceTree = "<group>"; };
		A7131B771FFDCF0100CCAE13 /* BarFactory.swift */ = {isa = PBXFileReference; lastKnownFileType = sourcecode.swift; path = BarFactory.swift; sourceTree = "<group>"; };
		A7131B791FFF35A300CCAE13 /* SwitchBarClass.swift */ = {isa = PBXFileReference; lastKnownFileType = sourcecode.swift; path = SwitchBarClass.swift; sourceTree = "<group>"; };
		A71963CF1EBC022500B079AA /* SolidBarClass.swift */ = {isa = PBXFileReference; fileEncoding = 4; lastKnownFileType = sourcecode.swift; path = SolidBarClass.swift; sourceTree = "<group>"; };
		A737A3011F04B49600B9AAB9 /* BreakBarClass.swift */ = {isa = PBXFileReference; fileEncoding = 4; lastKnownFileType = sourcecode.swift; path = BreakBarClass.swift; sourceTree = "<group>"; };
		A73B67E01F8F181C00C788B6 /* EnumsAndStructs.swift */ = {isa = PBXFileReference; lastKnownFileType = sourcecode.swift; path = EnumsAndStructs.swift; sourceTree = "<group>"; };
		A75F0C3D208D8FF50004995D /* QuartzCore.framework */ = {isa = PBXFileReference; lastKnownFileType = wrapper.framework; name = QuartzCore.framework; path = System/Library/Frameworks/QuartzCore.framework; sourceTree = SDKROOT; };
		A77933431F224A3D00591125 /* HighLightBarsClass.swift */ = {isa = PBXFileReference; fileEncoding = 4; lastKnownFileType = sourcecode.swift; path = HighLightBarsClass.swift; sourceTree = "<group>"; };
		A7974D481EEB59DF0079796A /* LevelDataArray.swift */ = {isa = PBXFileReference; fileEncoding = 4; lastKnownFileType = sourcecode.swift; path = LevelDataArray.swift; sourceTree = "<group>"; };
		A7A723DA1F70E0150074E7FA /* MenuScene.swift */ = {isa = PBXFileReference; fileEncoding = 4; lastKnownFileType = sourcecode.swift; name = MenuScene.swift; path = ../MenuScene.swift; sourceTree = "<group>"; };
		A7A723DC1F70E0390074E7FA /* MenuScene.sks */ = {isa = PBXFileReference; lastKnownFileType = file.sks; name = MenuScene.sks; path = ../MenuScene.sks; sourceTree = "<group>"; };
		A7A9E6E41EB190DF005FBEB0 /* BounceBarClass.swift */ = {isa = PBXFileReference; fileEncoding = 4; lastKnownFileType = sourcecode.swift; path = BounceBarClass.swift; sourceTree = "<group>"; };
		A7D7AFF61EB5321B00A54EF0 /* LevelButtonClass.swift */ = {isa = PBXFileReference; fileEncoding = 4; lastKnownFileType = sourcecode.swift; path = LevelButtonClass.swift; sourceTree = "<group>"; };
		A7DA77BA1F141D0A00BB640F /* LevelMakerScene.swift */ = {isa = PBXFileReference; fileEncoding = 4; lastKnownFileType = sourcecode.swift; name = LevelMakerScene.swift; path = ../LevelMakerScene.swift; sourceTree = "<group>"; };
		A7DA77BC1F141D3600BB640F /* LevelMakerScene.sks */ = {isa = PBXFileReference; lastKnownFileType = file.sks; path = LevelMakerScene.sks; sourceTree = "<group>"; };
		A7E8944C1EB509260080B662 /* LevelSelectScene.swift */ = {isa = PBXFileReference; fileEncoding = 4; lastKnownFileType = sourcecode.swift; name = LevelSelectScene.swift; path = ../LevelSelectScene.swift; sourceTree = "<group>"; tabWidth = 4; };
		A7E928DF1FB7C66B005AC736 /* GoogleService-Info.plist */ = {isa = PBXFileReference; fileEncoding = 4; lastKnownFileType = text.plist.xml; path = "GoogleService-Info.plist"; sourceTree = "<group>"; };
		A7E928E11FB7C684005AC736 /* GoogleMobileAds.framework */ = {isa = PBXFileReference; lastKnownFileType = wrapper.framework; path = GoogleMobileAds.framework; sourceTree = "<group>"; };
		A7EC5E281EE9E2E800FCC555 /* LevelScene.swift */ = {isa = PBXFileReference; fileEncoding = 4; lastKnownFileType = sourcecode.swift; path = LevelScene.swift; sourceTree = "<group>"; };
		A7EC5E2A1EEA109F00FCC555 /* GameData.swift */ = {isa = PBXFileReference; fileEncoding = 4; lastKnownFileType = sourcecode.swift; path = GameData.swift; sourceTree = "<group>"; };
		A7EF50601EB3F92C00B4B927 /* EndZoneClass.swift */ = {isa = PBXFileReference; fileEncoding = 4; lastKnownFileType = sourcecode.swift; path = EndZoneClass.swift; sourceTree = "<group>"; };
		A7FDABC11FDC6A41006FD335 /* LevelGrid.swift */ = {isa = PBXFileReference; lastKnownFileType = sourcecode.swift; path = LevelGrid.swift; sourceTree = "<group>"; };
		A7FDABC31FDCF15D006FD335 /* Button.swift */ = {isa = PBXFileReference; lastKnownFileType = sourcecode.swift; path = Button.swift; sourceTree = "<group>"; };
		A7FFBFDC1EBE62E100F42797 /* PolygonClass.swift */ = {isa = PBXFileReference; fileEncoding = 4; lastKnownFileType = sourcecode.swift; name = PolygonClass.swift; path = ../PolygonClass.swift; sourceTree = "<group>"; };
/* End PBXFileReference section */

/* Begin PBXFrameworksBuildPhase section */
		A7034A1A1EB16D8400646900 /* Frameworks */ = {
			isa = PBXFrameworksBuildPhase;
			buildActionMask = 2147483647;
			files = (
				A7E928E21FB7C685005AC736 /* GoogleMobileAds.framework in Frameworks */,
			);
			runOnlyForDeploymentPostprocessing = 0;
		};
		A7034A341EB16D8500646900 /* Frameworks */ = {
			isa = PBXFrameworksBuildPhase;
			buildActionMask = 2147483647;
			files = (
			);
			runOnlyForDeploymentPostprocessing = 0;
		};
		A7034A3F1EB16D8500646900 /* Frameworks */ = {
			isa = PBXFrameworksBuildPhase;
			buildActionMask = 2147483647;
			files = (
			);
			runOnlyForDeploymentPostprocessing = 0;
		};
/* End PBXFrameworksBuildPhase section */

/* Begin PBXGroup section */
		A7034A141EB16D8400646900 = {
			isa = PBXGroup;
			children = (
				A7034A2D1EB16D8500646900 /* Assets.xcassets */,
				A7034A1F1EB16D8500646900 /* BarBouncer */,
				A7034A3A1EB16D8500646900 /* BarBounce to endTests */,
				A7034A451EB16D8500646900 /* BarBounce UITests */,
				A7034A1E1EB16D8500646900 /* Products */,
				A75F0C3C208D8FF40004995D /* Frameworks */,
			);
			sourceTree = "<group>";
		};
		A7034A1E1EB16D8500646900 /* Products */ = {
			isa = PBXGroup;
			children = (
				A7034A1D1EB16D8500646900 /* BarBouncer.app */,
				A7034A371EB16D8500646900 /* BarBouncerTests.xctest */,
				A7034A421EB16D8500646900 /* BarBouncerUITests.xctest */,
			);
			name = Products;
			sourceTree = "<group>";
		};
		A7034A1F1EB16D8500646900 /* BarBouncer */ = {
			isa = PBXGroup;
			children = (
				A7E928DF1FB7C66B005AC736 /* GoogleService-Info.plist */,
				A7E928E11FB7C684005AC736 /* GoogleMobileAds.framework */,
				A708DABC1F192C1200487BB3 /* Scenes */,
				A7974D451EEA3D970079796A /* LevelClasses */,
				A7974D461EEA3F910079796A /* GameObjectClasses */,
				A73B67E01F8F181C00C788B6 /* EnumsAndStructs.swift */,
				A7974D481EEB59DF0079796A /* LevelDataArray.swift */,
				A7034A551EB16E8100646900 /* other */,
			);
			name = BarBouncer;
			path = "ball to end";
			sourceTree = "<group>";
		};
		A7034A3A1EB16D8500646900 /* BarBounce to endTests */ = {
			isa = PBXGroup;
			children = (
				A7034A3D1EB16D8500646900 /* Info.plist */,
			);
			name = "BarBounce to endTests";
			path = "ball to endTests";
			sourceTree = "<group>";
		};
		A7034A451EB16D8500646900 /* BarBounce UITests */ = {
			isa = PBXGroup;
			children = (
				A7034A461EB16D8500646900 /* BarBouncerUITests.swift */,
				A7034A481EB16D8500646900 /* Info.plist */,
			);
			name = "BarBounce UITests";
			path = "ball to endUITests";
			sourceTree = "<group>";
		};
		A7034A551EB16E8100646900 /* other */ = {
			isa = PBXGroup;
			children = (
				A7034A201EB16D8500646900 /* AppDelegate.swift */,
				A7034A241EB16D8500646900 /* Actions.sks */,
				A7034A281EB16D8500646900 /* GameViewController.swift */,
				A7034A2A1EB16D8500646900 /* Main.storyboard */,
				A7034A2F1EB16D8500646900 /* LaunchScreen.storyboard */,
				A7034A321EB16D8500646900 /* Info.plist */,
			);
			name = other;
			sourceTree = "<group>";
		};
		A7041DB31F832C3F00EEE8A2 /* SKScenes */ = {
			isa = PBXGroup;
			children = (
				A7A723DC1F70E0390074E7FA /* MenuScene.sks */,
				A7DA77BC1F141D3600BB640F /* LevelMakerScene.sks */,
			);
			name = SKScenes;
			sourceTree = "<group>";
		};
		A708DABC1F192C1200487BB3 /* Scenes */ = {
			isa = PBXGroup;
			children = (
				A7A723DA1F70E0150074E7FA /* MenuScene.swift */,
				A7E8944C1EB509260080B662 /* LevelSelectScene.swift */,
				A7EC5E281EE9E2E800FCC555 /* LevelScene.swift */,
				A7DA77BA1F141D0A00BB640F /* LevelMakerScene.swift */,
				A7041DB31F832C3F00EEE8A2 /* SKScenes */,
			);
			name = Scenes;
			sourceTree = "<group>";
		};
		A74E5BF01EE7BC6C00122BCA /* Bar Classes */ = {
			isa = PBXGroup;
			children = (
				A708DABA1F191E0000487BB3 /* BarClass.swift */,
				A7A9E6E41EB190DF005FBEB0 /* BounceBarClass.swift */,
				A71963CF1EBC022500B079AA /* SolidBarClass.swift */,
				A737A3011F04B49600B9AAB9 /* BreakBarClass.swift */,
				A7131B771FFDCF0100CCAE13 /* BarFactory.swift */,
				A7131B791FFF35A300CCAE13 /* SwitchBarClass.swift */,
			);
			name = "Bar Classes";
			sourceTree = "<group>";
		};
		A75F0C3C208D8FF40004995D /* Frameworks */ = {
			isa = PBXGroup;
			children = (
				A75F0C3D208D8FF50004995D /* QuartzCore.framework */,
			);
			name = Frameworks;
			sourceTree = "<group>";
		};
		A7974D451EEA3D970079796A /* LevelClasses */ = {
			isa = PBXGroup;
			children = (
				A7EC5E2A1EEA109F00FCC555 /* GameData.swift */,
				A7FDABC11FDC6A41006FD335 /* LevelGrid.swift */,
				A7FDABC31FDCF15D006FD335 /* Button.swift */,
				A7D7AFF61EB5321B00A54EF0 /* LevelButtonClass.swift */,
			);
			name = LevelClasses;
			sourceTree = "<group>";
		};
		A7974D461EEA3F910079796A /* GameObjectClasses */ = {
			isa = PBXGroup;
			children = (
				A77933431F224A3D00591125 /* HighLightBarsClass.swift */,
				A7034A561EB16FD500646900 /* BallClass.swift */,
				A7FFBFDC1EBE62E100F42797 /* PolygonClass.swift */,
				A7EF50601EB3F92C00B4B927 /* EndZoneClass.swift */,
				A74E5BF01EE7BC6C00122BCA /* Bar Classes */,
			);
			name = GameObjectClasses;
			sourceTree = "<group>";
		};
/* End PBXGroup section */

/* Begin PBXNativeTarget section */
		A7034A1C1EB16D8400646900 /* BarBouncer */ = {
			isa = PBXNativeTarget;
			buildConfigurationList = A7034A4B1EB16D8500646900 /* Build configuration list for PBXNativeTarget "BarBouncer" */;
			buildPhases = (
				A7034A191EB16D8400646900 /* Sources */,
				A7034A1A1EB16D8400646900 /* Frameworks */,
				A7034A1B1EB16D8400646900 /* Resources */,
			);
			buildRules = (
			);
			dependencies = (
			);
			name = BarBouncer;
			productName = "ball to end";
			productReference = A7034A1D1EB16D8500646900 /* BarBouncer.app */;
			productType = "com.apple.product-type.application";
		};
		A7034A361EB16D8500646900 /* BarBouncerTests */ = {
			isa = PBXNativeTarget;
			buildConfigurationList = A7034A4E1EB16D8500646900 /* Build configuration list for PBXNativeTarget "BarBouncerTests" */;
			buildPhases = (
				A7034A331EB16D8500646900 /* Sources */,
				A7034A341EB16D8500646900 /* Frameworks */,
				A7034A351EB16D8500646900 /* Resources */,
			);
			buildRules = (
			);
			dependencies = (
				A7034A391EB16D8500646900 /* PBXTargetDependency */,
			);
			name = BarBouncerTests;
			productName = "ball to endTests";
			productReference = A7034A371EB16D8500646900 /* BarBouncerTests.xctest */;
			productType = "com.apple.product-type.bundle.unit-test";
		};
		A7034A411EB16D8500646900 /* BarBouncerUITests */ = {
			isa = PBXNativeTarget;
			buildConfigurationList = A7034A511EB16D8500646900 /* Build configuration list for PBXNativeTarget "BarBouncerUITests" */;
			buildPhases = (
				A7034A3E1EB16D8500646900 /* Sources */,
				A7034A3F1EB16D8500646900 /* Frameworks */,
				A7034A401EB16D8500646900 /* Resources */,
			);
			buildRules = (
			);
			dependencies = (
				A7034A441EB16D8500646900 /* PBXTargetDependency */,
			);
			name = BarBouncerUITests;
			productName = "ball to endUITests";
			productReference = A7034A421EB16D8500646900 /* BarBouncerUITests.xctest */;
			productType = "com.apple.product-type.bundle.ui-testing";
		};
/* End PBXNativeTarget section */

/* Begin PBXProject section */
		A7034A151EB16D8400646900 /* Project object */ = {
			isa = PBXProject;
			attributes = {
				LastSwiftUpdateCheck = 0830;
				LastUpgradeCheck = 0930;
				ORGANIZATIONNAME = "Brian Cao";
				TargetAttributes = {
					A7034A1C1EB16D8400646900 = {
						CreatedOnToolsVersion = 8.3.2;
						DevelopmentTeam = 8XADYWMGR5;
						LastSwiftMigration = 0900;
						ProvisioningStyle = Automatic;
					};
					A7034A361EB16D8500646900 = {
						CreatedOnToolsVersion = 8.3.2;
						DevelopmentTeam = L4C8QAYK3H;
						LastSwiftMigration = 0900;
						ProvisioningStyle = Automatic;
						TestTargetID = A7034A1C1EB16D8400646900;
					};
					A7034A411EB16D8500646900 = {
						CreatedOnToolsVersion = 8.3.2;
						DevelopmentTeam = L4C8QAYK3H;
						LastSwiftMigration = 0900;
						ProvisioningStyle = Automatic;
						TestTargetID = A7034A1C1EB16D8400646900;
					};
				};
			};
			buildConfigurationList = A7034A181EB16D8400646900 /* Build configuration list for PBXProject "BarBouncer" */;
			compatibilityVersion = "Xcode 3.2";
			developmentRegion = English;
			hasScannedForEncodings = 0;
			knownRegions = (
				en,
				Base,
			);
			mainGroup = A7034A141EB16D8400646900;
			productRefGroup = A7034A1E1EB16D8500646900 /* Products */;
			projectDirPath = "";
			projectRoot = "";
			targets = (
				A7034A1C1EB16D8400646900 /* BarBouncer */,
				A7034A361EB16D8500646900 /* BarBouncerTests */,
				A7034A411EB16D8500646900 /* BarBouncerUITests */,
			);
		};
/* End PBXProject section */

/* Begin PBXResourcesBuildPhase section */
		A7034A1B1EB16D8400646900 /* Resources */ = {
			isa = PBXResourcesBuildPhase;
			buildActionMask = 2147483647;
			files = (
				A7DA77BD1F141D3600BB640F /* LevelMakerScene.sks in Resources */,
				A7034A2C1EB16D8500646900 /* Main.storyboard in Resources */,
				A7034A2E1EB16D8500646900 /* Assets.xcassets in Resources */,
				A7034A311EB16D8500646900 /* LaunchScreen.storyboard in Resources */,
				A7034A251EB16D8500646900 /* Actions.sks in Resources */,
				A7A723DD1F70E0390074E7FA /* MenuScene.sks in Resources */,
				A7E928E01FB7C66B005AC736 /* GoogleService-Info.plist in Resources */,
			);
			runOnlyForDeploymentPostprocessing = 0;
		};
		A7034A351EB16D8500646900 /* Resources */ = {
			isa = PBXResourcesBuildPhase;
			buildActionMask = 2147483647;
			files = (
			);
			runOnlyForDeploymentPostprocessing = 0;
		};
		A7034A401EB16D8500646900 /* Resources */ = {
			isa = PBXResourcesBuildPhase;
			buildActionMask = 2147483647;
			files = (
			);
			runOnlyForDeploymentPostprocessing = 0;
		};
/* End PBXResourcesBuildPhase section */

/* Begin PBXSourcesBuildPhase section */
		A7034A191EB16D8400646900 /* Sources */ = {
			isa = PBXSourcesBuildPhase;
			buildActionMask = 2147483647;
			files = (
				A7A723DB1F70E0150074E7FA /* MenuScene.swift in Sources */,
				A7EF50611EB3F92C00B4B927 /* EndZoneClass.swift in Sources */,
				A7131B7A1FFF35A300CCAE13 /* SwitchBarClass.swift in Sources */,
				A7FDABC21FDC6A41006FD335 /* LevelGrid.swift in Sources */,
				A7034A291EB16D8500646900 /* GameViewController.swift in Sources */,
				A73B67E11F8F181C00C788B6 /* EnumsAndStructs.swift in Sources */,
				A7EC5E291EE9E2E800FCC555 /* LevelScene.swift in Sources */,
				A7E8944D1EB509260080B662 /* LevelSelectScene.swift in Sources */,
				A71963D01EBC022500B079AA /* SolidBarClass.swift in Sources */,
				A7FFBFDD1EBE62E100F42797 /* PolygonClass.swift in Sources */,
				A7034A211EB16D8500646900 /* AppDelegate.swift in Sources */,
				A7D7AFF71EB5321B00A54EF0 /* LevelButtonClass.swift in Sources */,
				A7974D491EEB59DF0079796A /* LevelDataArray.swift in Sources */,
				A77933441F224A3D00591125 /* HighLightBarsClass.swift in Sources */,
				A7034A571EB16FD500646900 /* BallClass.swift in Sources */,
				A7131B781FFDCF0100CCAE13 /* BarFactory.swift in Sources */,
				A7DA77BB1F141D0A00BB640F /* LevelMakerScene.swift in Sources */,
				A7FDABC41FDCF15D006FD335 /* Button.swift in Sources */,
				A708DABB1F191E0000487BB3 /* BarClass.swift in Sources */,
				A737A3021F04B49600B9AAB9 /* BreakBarClass.swift in Sources */,
				A7EC5E2B1EEA109F00FCC555 /* GameData.swift in Sources */,
				A7A9E6E51EB190DF005FBEB0 /* BounceBarClass.swift in Sources */,
			);
			runOnlyForDeploymentPostprocessing = 0;
		};
		A7034A331EB16D8500646900 /* Sources */ = {
			isa = PBXSourcesBuildPhase;
			buildActionMask = 2147483647;
			files = (
			);
			runOnlyForDeploymentPostprocessing = 0;
		};
		A7034A3E1EB16D8500646900 /* Sources */ = {
			isa = PBXSourcesBuildPhase;
			buildActionMask = 2147483647;
			files = (
				A7034A471EB16D8500646900 /* BarBouncerUITests.swift in Sources */,
			);
			runOnlyForDeploymentPostprocessing = 0;
		};
/* End PBXSourcesBuildPhase section */

/* Begin PBXTargetDependency section */
		A7034A391EB16D8500646900 /* PBXTargetDependency */ = {
			isa = PBXTargetDependency;
			target = A7034A1C1EB16D8400646900 /* BarBouncer */;
			targetProxy = A7034A381EB16D8500646900 /* PBXContainerItemProxy */;
		};
		A7034A441EB16D8500646900 /* PBXTargetDependency */ = {
			isa = PBXTargetDependency;
			target = A7034A1C1EB16D8400646900 /* BarBouncer */;
			targetProxy = A7034A431EB16D8500646900 /* PBXContainerItemProxy */;
		};
/* End PBXTargetDependency section */

/* Begin PBXVariantGroup section */
		A7034A2A1EB16D8500646900 /* Main.storyboard */ = {
			isa = PBXVariantGroup;
			children = (
				A7034A2B1EB16D8500646900 /* Base */,
			);
			name = Main.storyboard;
			sourceTree = "<group>";
		};
		A7034A2F1EB16D8500646900 /* LaunchScreen.storyboard */ = {
			isa = PBXVariantGroup;
			children = (
				A7034A301EB16D8500646900 /* Base */,
			);
			name = LaunchScreen.storyboard;
			sourceTree = "<group>";
		};
/* End PBXVariantGroup section */

/* Begin XCBuildConfiguration section */
		A7034A491EB16D8500646900 /* Debug */ = {
			isa = XCBuildConfiguration;
			buildSettings = {
				ALWAYS_SEARCH_USER_PATHS = NO;
				CLANG_ANALYZER_NONNULL = YES;
				CLANG_ANALYZER_NUMBER_OBJECT_CONVERSION = YES_AGGRESSIVE;
				CLANG_CXX_LANGUAGE_STANDARD = "gnu++0x";
				CLANG_CXX_LIBRARY = "libc++";
				CLANG_ENABLE_MODULES = YES;
				CLANG_ENABLE_OBJC_ARC = YES;
				CLANG_WARN_BLOCK_CAPTURE_AUTORELEASING = YES;
				CLANG_WARN_BOOL_CONVERSION = YES;
				CLANG_WARN_COMMA = YES;
				CLANG_WARN_CONSTANT_CONVERSION = YES;
				CLANG_WARN_DEPRECATED_OBJC_IMPLEMENTATIONS = YES;
				CLANG_WARN_DIRECT_OBJC_ISA_USAGE = YES_ERROR;
				CLANG_WARN_DOCUMENTATION_COMMENTS = YES;
				CLANG_WARN_EMPTY_BODY = YES;
				CLANG_WARN_ENUM_CONVERSION = YES;
				CLANG_WARN_INFINITE_RECURSION = YES;
				CLANG_WARN_INT_CONVERSION = YES;
				CLANG_WARN_NON_LITERAL_NULL_CONVERSION = YES;
				CLANG_WARN_OBJC_IMPLICIT_RETAIN_SELF = YES;
				CLANG_WARN_OBJC_LITERAL_CONVERSION = YES;
				CLANG_WARN_OBJC_ROOT_CLASS = YES_ERROR;
				CLANG_WARN_RANGE_LOOP_ANALYSIS = YES;
				CLANG_WARN_STRICT_PROTOTYPES = YES;
				CLANG_WARN_SUSPICIOUS_MOVE = YES;
				CLANG_WARN_UNREACHABLE_CODE = YES;
				CLANG_WARN__DUPLICATE_METHOD_MATCH = YES;
				"CODE_SIGN_IDENTITY[sdk=iphoneos*]" = "iPhone Developer";
				COPY_PHASE_STRIP = NO;
				DEBUG_INFORMATION_FORMAT = dwarf;
				ENABLE_STRICT_OBJC_MSGSEND = YES;
				ENABLE_TESTABILITY = YES;
				GCC_C_LANGUAGE_STANDARD = gnu99;
				GCC_DYNAMIC_NO_PIC = NO;
				GCC_NO_COMMON_BLOCKS = YES;
				GCC_OPTIMIZATION_LEVEL = 0;
				GCC_PREPROCESSOR_DEFINITIONS = (
					"DEBUG=1",
					"$(inherited)",
				);
				GCC_WARN_64_TO_32_BIT_CONVERSION = YES;
				GCC_WARN_ABOUT_RETURN_TYPE = YES_ERROR;
				GCC_WARN_UNDECLARED_SELECTOR = YES;
				GCC_WARN_UNINITIALIZED_AUTOS = YES_AGGRESSIVE;
				GCC_WARN_UNUSED_FUNCTION = YES;
				GCC_WARN_UNUSED_VARIABLE = YES;
				IPHONEOS_DEPLOYMENT_TARGET = 11.1;
				MTL_ENABLE_DEBUG_INFO = YES;
				ONLY_ACTIVE_ARCH = YES;
				SDKROOT = iphoneos;
				SWIFT_ACTIVE_COMPILATION_CONDITIONS = DEBUG;
				SWIFT_OPTIMIZATION_LEVEL = "-Onone";
				TARGETED_DEVICE_FAMILY = "1,2";
			};
			name = Debug;
		};
		A7034A4A1EB16D8500646900 /* Release */ = {
			isa = XCBuildConfiguration;
			buildSettings = {
				ALWAYS_SEARCH_USER_PATHS = NO;
				CLANG_ANALYZER_NONNULL = YES;
				CLANG_ANALYZER_NUMBER_OBJECT_CONVERSION = YES_AGGRESSIVE;
				CLANG_CXX_LANGUAGE_STANDARD = "gnu++0x";
				CLANG_CXX_LIBRARY = "libc++";
				CLANG_ENABLE_MODULES = YES;
				CLANG_ENABLE_OBJC_ARC = YES;
				CLANG_WARN_BLOCK_CAPTURE_AUTORELEASING = YES;
				CLANG_WARN_BOOL_CONVERSION = YES;
				CLANG_WARN_COMMA = YES;
				CLANG_WARN_CONSTANT_CONVERSION = YES;
				CLANG_WARN_DEPRECATED_OBJC_IMPLEMENTATIONS = YES;
				CLANG_WARN_DIRECT_OBJC_ISA_USAGE = YES_ERROR;
				CLANG_WARN_DOCUMENTATION_COMMENTS = YES;
				CLANG_WARN_EMPTY_BODY = YES;
				CLANG_WARN_ENUM_CONVERSION = YES;
				CLANG_WARN_INFINITE_RECURSION = YES;
				CLANG_WARN_INT_CONVERSION = YES;
				CLANG_WARN_NON_LITERAL_NULL_CONVERSION = YES;
				CLANG_WARN_OBJC_IMPLICIT_RETAIN_SELF = YES;
				CLANG_WARN_OBJC_LITERAL_CONVERSION = YES;
				CLANG_WARN_OBJC_ROOT_CLASS = YES_ERROR;
				CLANG_WARN_RANGE_LOOP_ANALYSIS = YES;
				CLANG_WARN_STRICT_PROTOTYPES = YES;
				CLANG_WARN_SUSPICIOUS_MOVE = YES;
				CLANG_WARN_UNREACHABLE_CODE = YES;
				CLANG_WARN__DUPLICATE_METHOD_MATCH = YES;
				"CODE_SIGN_IDENTITY[sdk=iphoneos*]" = "iPhone Developer";
				COPY_PHASE_STRIP = NO;
				DEBUG_INFORMATION_FORMAT = "dwarf-with-dsym";
				ENABLE_NS_ASSERTIONS = NO;
				ENABLE_STRICT_OBJC_MSGSEND = YES;
				GCC_C_LANGUAGE_STANDARD = gnu99;
				GCC_NO_COMMON_BLOCKS = YES;
				GCC_WARN_64_TO_32_BIT_CONVERSION = YES;
				GCC_WARN_ABOUT_RETURN_TYPE = YES_ERROR;
				GCC_WARN_UNDECLARED_SELECTOR = YES;
				GCC_WARN_UNINITIALIZED_AUTOS = YES_AGGRESSIVE;
				GCC_WARN_UNUSED_FUNCTION = YES;
				GCC_WARN_UNUSED_VARIABLE = YES;
				IPHONEOS_DEPLOYMENT_TARGET = 11.1;
				MTL_ENABLE_DEBUG_INFO = NO;
				SDKROOT = iphoneos;
				SWIFT_OPTIMIZATION_LEVEL = "-Owholemodule";
				TARGETED_DEVICE_FAMILY = "1,2";
				VALIDATE_PRODUCT = YES;
			};
			name = Release;
		};
		A7034A4C1EB16D8500646900 /* Debug */ = {
			isa = XCBuildConfiguration;
			buildSettings = {
				ASSETCATALOG_COMPILER_APPICON_NAME = AppIcon;
				"CODE_SIGN_IDENTITY[sdk=iphoneos*]" = "iPhone Developer";
				CODE_SIGN_STYLE = Automatic;
				DEVELOPMENT_TEAM = 8XADYWMGR5;
				FRAMEWORK_SEARCH_PATHS = (
					"$(inherited)",
					"$(PROJECT_DIR)/ball\\ to\\ end",
				);
				INFOPLIST_FILE = "ball to end/Info.plist";
				IPHONEOS_DEPLOYMENT_TARGET = 11.0;
				LD_RUNPATH_SEARCH_PATHS = "$(inherited) @executable_path/Frameworks";
				PRODUCT_BUNDLE_IDENTIFIER = com.bdc.barbouncer;
				PRODUCT_NAME = "$(TARGET_NAME)";
				PROVISIONING_PROFILE_SPECIFIER = "";
				SWIFT_VERSION = 4.0;
				TARGETED_DEVICE_FAMILY = "1,2";
			};
			name = Debug;
		};
		A7034A4D1EB16D8500646900 /* Release */ = {
			isa = XCBuildConfiguration;
			buildSettings = {
				ASSETCATALOG_COMPILER_APPICON_NAME = AppIcon;
				"CODE_SIGN_IDENTITY[sdk=iphoneos*]" = "iPhone Developer";
				CODE_SIGN_STYLE = Automatic;
				DEVELOPMENT_TEAM = 8XADYWMGR5;
				FRAMEWORK_SEARCH_PATHS = (
					"$(inherited)",
					"$(PROJECT_DIR)/ball\\ to\\ end",
				);
				INFOPLIST_FILE = "ball to end/Info.plist";
				IPHONEOS_DEPLOYMENT_TARGET = 11.0;
				LD_RUNPATH_SEARCH_PATHS = "$(inherited) @executable_path/Frameworks";
				PRODUCT_BUNDLE_IDENTIFIER = com.bdc.barbouncer;
				PRODUCT_NAME = "$(TARGET_NAME)";
				PROVISIONING_PROFILE_SPECIFIER = "";
				SWIFT_VERSION = 4.0;
				TARGETED_DEVICE_FAMILY = "1,2";
			};
			name = Release;
		};
		A7034A4F1EB16D8500646900 /* Debug */ = {
			isa = XCBuildConfiguration;
			buildSettings = {
				ALWAYS_EMBED_SWIFT_STANDARD_LIBRARIES = YES;
				BUNDLE_LOADER = "$(TEST_HOST)";
				DEVELOPMENT_TEAM = L4C8QAYK3H;
				INFOPLIST_FILE = "ball to endTests/Info.plist";
				LD_RUNPATH_SEARCH_PATHS = "$(inherited) @executable_path/Frameworks @loader_path/Frameworks";
				PRODUCT_BUNDLE_IDENTIFIER = "com.cao.ball-to-endTests";
				PRODUCT_NAME = "$(TARGET_NAME)";
				SWIFT_VERSION = 4.0;
				TEST_HOST = "$(BUILT_PRODUCTS_DIR)/BarBouncer.app/BarBouncer";
			};
			name = Debug;
		};
		A7034A501EB16D8500646900 /* Release */ = {
			isa = XCBuildConfiguration;
			buildSettings = {
				ALWAYS_EMBED_SWIFT_STANDARD_LIBRARIES = YES;
				BUNDLE_LOADER = "$(TEST_HOST)";
				DEVELOPMENT_TEAM = L4C8QAYK3H;
				INFOPLIST_FILE = "ball to endTests/Info.plist";
				LD_RUNPATH_SEARCH_PATHS = "$(inherited) @executable_path/Frameworks @loader_path/Frameworks";
				PRODUCT_BUNDLE_IDENTIFIER = "com.cao.ball-to-endTests";
				PRODUCT_NAME = "$(TARGET_NAME)";
				SWIFT_VERSION = 4.0;
				TEST_HOST = "$(BUILT_PRODUCTS_DIR)/BarBouncer.app/BarBouncer";
			};
			name = Release;
		};
		A7034A521EB16D8500646900 /* Debug */ = {
			isa = XCBuildConfiguration;
			buildSettings = {
				ALWAYS_EMBED_SWIFT_STANDARD_LIBRARIES = YES;
				DEVELOPMENT_TEAM = L4C8QAYK3H;
				INFOPLIST_FILE = "ball to endUITests/Info.plist";
				LD_RUNPATH_SEARCH_PATHS = "$(inherited) @executable_path/Frameworks @loader_path/Frameworks";
				PRODUCT_BUNDLE_IDENTIFIER = "com.cao.ball-to-endUITests";
				PRODUCT_NAME = "$(TARGET_NAME)";
				SWIFT_VERSION = 4.0;
				TEST_TARGET_NAME = "ball to end";
			};
			name = Debug;
		};
		A7034A531EB16D8500646900 /* Release */ = {
			isa = XCBuildConfiguration;
			buildSettings = {
				ALWAYS_EMBED_SWIFT_STANDARD_LIBRARIES = YES;
				DEVELOPMENT_TEAM = L4C8QAYK3H;
				INFOPLIST_FILE = "ball to endUITests/Info.plist";
				LD_RUNPATH_SEARCH_PATHS = "$(inherited) @executable_path/Frameworks @loader_path/Frameworks";
				PRODUCT_BUNDLE_IDENTIFIER = "com.cao.ball-to-endUITests";
				PRODUCT_NAME = "$(TARGET_NAME)";
				SWIFT_VERSION = 4.0;
				TEST_TARGET_NAME = "ball to end";
			};
			name = Release;
		};
/* End XCBuildConfiguration section */

/* Begin XCConfigurationList section */
		A7034A181EB16D8400646900 /* Build configuration list for PBXProject "BarBouncer" */ = {
			isa = XCConfigurationList;
			buildConfigurations = (
				A7034A491EB16D8500646900 /* Debug */,
				A7034A4A1EB16D8500646900 /* Release */,
			);
			defaultConfigurationIsVisible = 0;
			defaultConfigurationName = Release;
		};
		A7034A4B1EB16D8500646900 /* Build configuration list for PBXNativeTarget "BarBouncer" */ = {
			isa = XCConfigurationList;
			buildConfigurations = (
				A7034A4C1EB16D8500646900 /* Debug */,
				A7034A4D1EB16D8500646900 /* Release */,
			);
			defaultConfigurationIsVisible = 0;
			defaultConfigurationName = Release;
		};
		A7034A4E1EB16D8500646900 /* Build configuration list for PBXNativeTarget "BarBouncerTests" */ = {
			isa = XCConfigurationList;
			buildConfigurations = (
				A7034A4F1EB16D8500646900 /* Debug */,
				A7034A501EB16D8500646900 /* Release */,
			);
			defaultConfigurationIsVisible = 0;
			defaultConfigurationName = Release;
		};
		A7034A511EB16D8500646900 /* Build configuration list for PBXNativeTarget "BarBouncerUITests" */ = {
			isa = XCConfigurationList;
			buildConfigurations = (
				A7034A521EB16D8500646900 /* Debug */,
				A7034A531EB16D8500646900 /* Release */,
			);
			defaultConfigurationIsVisible = 0;
			defaultConfigurationName = Release;
		};
/* End XCConfigurationList section */
	};
	rootObject = A7034A151EB16D8400646900 /* Project object */;
}
